
Microsoft Visual Studio Solution File, Format Version 12.00
# Visual Studio Version 17
VisualStudioVersion = 17.9.34714.143
MinimumVisualStudioVersion = 10.0.40219.1
Project("{FAE04EC0-301F-11D3-BF4B-00C04F79EFBC}") = "TaskBoard", "TaskBoard\TaskBoard.csproj", "{8CC36D10-A3B2-4B80-A7E4-6A7112F1E1E6}"
EndProject
Global
	GlobalSection(SolutionConfigurationPlatforms) = preSolution
		Debug|Any CPU = Debug|Any CPU
		Release|Any CPU = Release|Any CPU
	EndGlobalSection
	GlobalSection(ProjectConfigurationPlatforms) = postSolution
		{8CC36D10-A3B2-4B80-A7E4-6A7112F1E1E6}.Debug|Any CPU.ActiveCfg = Debug|Any CPU
		{8CC36D10-A3B2-4B80-A7E4-6A7112F1E1E6}.Debug|Any CPU.Build.0 = Debug|Any CPU
		{8CC36D10-A3B2-4B80-A7E4-6A7112F1E1E6}.Release|Any CPU.ActiveCfg = Release|Any CPU
		{8CC36D10-A3B2-4B80-A7E4-6A7112F1E1E6}.Release|Any CPU.Build.0 = Release|Any CPU
	EndGlobalSection
	GlobalSection(SolutionProperties) = preSolution
		HideSolutionNode = FALSE
	EndGlobalSection
	GlobalSection(ExtensibilityGlobals) = postSolution
		SolutionGuid = {1D5655DC-9445-4115-A480-2294FE0C16A5}
	EndGlobalSection
EndGlobal
